
Microsoft Visual Studio Solution File, Format Version 12.00
# Visual Studio Version 17
VisualStudioVersion = 17.13.35828.75 d17.13
MinimumVisualStudioVersion = 10.0.40219.1
Project("{FAE04EC0-301F-11D3-BF4B-00C04F79EFBC}") = "ColorApi", "ColorApi.csproj", "{8286DCE2-0CE6-52CF-72BB-9ED419022BFD}"
EndProject
Global
	GlobalSection(SolutionConfigurationPlatforms) = preSolution
		Debug|Any CPU = Debug|Any CPU
		Release|Any CPU = Release|Any CPU
	EndGlobalSection
	GlobalSection(ProjectConfigurationPlatforms) = postSolution
		{8286DCE2-0CE6-52CF-72BB-9ED419022BFD}.Debug|Any CPU.ActiveCfg = Debug|Any CPU
		{8286DCE2-0CE6-52CF-72BB-9ED419022BFD}.Debug|Any CPU.Build.0 = Debug|Any CPU
		{8286DCE2-0CE6-52CF-72BB-9ED419022BFD}.Release|Any CPU.ActiveCfg = Release|Any CPU
		{8286DCE2-0CE6-52CF-72BB-9ED419022BFD}.Release|Any CPU.Build.0 = Release|Any CPU
	EndGlobalSection
	GlobalSection(SolutionProperties) = preSolution
		HideSolutionNode = FALSE
	EndGlobalSection
	GlobalSection(ExtensibilityGlobals) = postSolution
		SolutionGuid = {CF551D8E-9510-42CA-B565-116A3DC33469}
	EndGlobalSection
EndGlobal
